// !$*UTF8*$!
{
	archiveVersion = 1;
	classes = {
	};
	objectVersion = 46;
	objects = {

/* Begin PBXBuildFile section */
		FD5D70EF1E84BA5500A37D0F /* MSCategory.m in Sources */ = {isa = PBXBuildFile; fileRef = FD5D70EE1E84BA5500A37D0F /* MSCategory.m */; };
		FD5D70F01E84BA5500A37D0F /* MSCategory.h in CopyFiles */ = {isa = PBXBuildFile; fileRef = FD5D70ED1E84BA5500A37D0F /* MSCategory.h */; };
/* End PBXBuildFile section */

/* Begin PBXCopyFilesBuildPhase section */
		FD5D70E81E84BA5500A37D0F /* CopyFiles */ = {
			isa = PBXCopyFilesBuildPhase;
			buildActionMask = 2147483647;
			dstPath = "include/$(PRODUCT_NAME)";
			dstSubfolderSpec = 16;
			files = (
				FD5D70F01E84BA5500A37D0F /* MSCategory.h in CopyFiles */,
			);
			runOnlyForDeploymentPostprocessing = 0;
		};
/* End PBXCopyFilesBuildPhase section */

/* Begin PBXFileReference section */
		FD5D70EA1E84BA5500A37D0F /* libMSCategory.a */ = {isa = PBXFileReference; explicitFileType = archive.ar; includeInIndex = 0; path = libMSCategory.a; sourceTree = BUILT_PRODUCTS_DIR; };
		FD5D70ED1E84BA5500A37D0F /* MSCategory.h */ = {isa = PBXFileReference; lastKnownFileType = sourcecode.c.h; path = MSCategory.h; sourceTree = "<group>"; };
		FD5D70EE1E84BA5500A37D0F /* MSCategory.m */ = {isa = PBXFileReference; lastKnownFileType = sourcecode.c.objc; path = MSCategory.m; sourceTree = "<group>"; };
/* End PBXFileReference section */

/* Begin PBXFrameworksBuildPhase section */
		FD5D70E71E84BA5500A37D0F /* Frameworks */ = {
			isa = PBXFrameworksBuildPhase;
			buildActionMask = 2147483647;
			files = (
			);
			runOnlyForDeploymentPostprocessing = 0;
		};
/* End PBXFrameworksBuildPhase section */

/* Begin PBXGroup section */
		FD5D70E11E84BA5500A37D0F = {
			isa = PBXGroup;
			children = (
				FD5D70EC1E84BA5500A37D0F /* MSCategory */,
				FD5D70EB1E84BA5500A37D0F /* Products */,
			);
			sourceTree = "<group>";
		};
		FD5D70EB1E84BA5500A37D0F /* Products */ = {
			isa = PBXGroup;
			children = (
				FD5D70EA1E84BA5500A37D0F /* libMSCategory.a */,
			);
			name = Products;
			sourceTree = "<group>";
		};
		FD5D70EC1E84BA5500A37D0F /* MSCategory */ = {
			isa = PBXGroup;
			children = (
				FD5D70ED1E84BA5500A37D0F /* MSCategory.h */,
				FD5D70EE1E84BA5500A37D0F /* MSCategory.m */,
			);
			path = MSCategory;
			sourceTree = "<group>";
		};
/* End PBXGroup section */

/* Begin PBXNativeTarget section */
		FD5D70E91E84BA5500A37D0F /* MSCategory */ = {
			isa = PBXNativeTarget;
			buildConfigurationList = FD5D70F31E84BA5500A37D0F /* Build configuration list for PBXNativeTarget "MSCategory" */;
			buildPhases = (
				FD5D70E61E84BA5500A37D0F /* Sources */,
				FD5D70E71E84BA5500A37D0F /* Frameworks */,
				FD5D70E81E84BA5500A37D0F /* CopyFiles */,
			);
			buildRules = (
			);
			dependencies = (
			);
			name = MSCategory;
			productName = MSCategory;
			productReference = FD5D70EA1E84BA5500A37D0F /* libMSCategory.a */;
			productType = "com.apple.product-type.library.static";
		};
/* End PBXNativeTarget section */

/* Begin PBXProject section */
		FD5D70E21E84BA5500A37D0F /* Project object */ = {
			isa = PBXProject;
			attributes = {
				LastUpgradeCheck = 0820;
				ORGANIZATIONNAME = "You Know";
				TargetAttributes = {
					FD5D70E91E84BA5500A37D0F = {
						CreatedOnToolsVersion = 8.2.1;
						ProvisioningStyle = Automatic;
					};
				};
			};
			buildConfigurationList = FD5D70E51E84BA5500A37D0F /* Build configuration list for PBXProject "MSCategory" */;
			compatibilityVersion = "Xcode 3.2";
			developmentRegion = English;
			hasScannedForEncodings = 0;
			knownRegions = (
				en,
			);
			mainGroup = FD5D70E11E84BA5500A37D0F;
			productRefGroup = FD5D70EB1E84BA5500A37D0F /* Products */;
			projectDirPath = "";
			projectRoot = "";
			targets = (
				FD5D70E91E84BA5500A37D0F /* MSCategory */,
			);
		};
/* End PBXProject section */

/* Begin PBXSourcesBuildPhase section */
		FD5D70E61E84BA5500A37D0F /* Sources */ = {
			isa = PBXSourcesBuildPhase;
			buildActionMask = 2147483647;
			files = (
				FD5D70EF1E84BA5500A37D0F /* MSCategory.m in Sources */,
			);
			runOnlyForDeploymentPostprocessing = 0;
		};
/* End PBXSourcesBuildPhase section */

/* Begin XCBuildConfiguration section */
		FD5D70F11E84BA5500A37D0F /* Debug */ = {
			isa = XCBuildConfiguration;
			buildSettings = {
				ALWAYS_SEARCH_USER_PATHS = NO;
				CLANG_ANALYZER_NONNULL = YES;
				CLANG_CXX_LANGUAGE_STANDARD = "gnu++0x";
				CLANG_CXX_LIBRARY = "libc++";
				CLANG_ENABLE_MODULES = YES;
				CLANG_ENABLE_OBJC_ARC = YES;
				CLANG_WARN_BOOL_CONVERSION = YES;
				CLANG_WARN_CONSTANT_CONVERSION = YES;
				CLANG_WARN_DIRECT_OBJC_ISA_USAGE = YES_ERROR;
				CLANG_WARN_DOCUMENTATION_COMMENTS = YES;
				CLANG_WARN_EMPTY_BODY = YES;
				CLANG_WARN_ENUM_CONVERSION = YES;
				CLANG_WARN_INFINITE_RECURSION = YES;
				CLANG_WARN_INT_CONVERSION = YES;
				CLANG_WARN_OBJC_ROOT_CLASS = YES_ERROR;
				CLANG_WARN_SUSPICIOUS_MOVE = YES;
				CLANG_WARN_UNREACHABLE_CODE = YES;
				CLANG_WARN__DUPLICATE_METHOD_MATCH = YES;
				"CODE_SIGN_IDENTITY[sdk=iphoneos*]" = "iPhone Developer";
				COPY_PHASE_STRIP = NO;
				DEBUG_INFORMATION_FORMAT = dwarf;
				ENABLE_STRICT_OBJC_MSGSEND = YES;
				ENABLE_TESTABILITY = YES;
				GCC_C_LANGUAGE_STANDARD = gnu99;
				GCC_DYNAMIC_NO_PIC = NO;
				GCC_NO_COMMON_BLOCKS = YES;
				GCC_OPTIMIZATION_LEVEL = 0;
				GCC_PREPROCESSOR_DEFINITIONS = (
					"DEBUG=1",
					"$(inherited)",
				);
				GCC_WARN_64_TO_32_BIT_CONVERSION = YES;
				GCC_WARN_ABOUT_RETURN_TYPE = YES_ERROR;
				GCC_WARN_UNDECLARED_SELECTOR = YES;
				GCC_WARN_UNINITIALIZED_AUTOS = YES_AGGRESSIVE;
				GCC_WARN_UNUSED_FUNCTION = YES;
				GCC_WARN_UNUSED_VARIABLE = YES;
				IPHONEOS_DEPLOYMENT_TARGET = 10.2;
				MTL_ENABLE_DEBUG_INFO = YES;
				ONLY_ACTIVE_ARCH = YES;
				SDKROOT = iphoneos;
			};
			name = Debug;
		};
		FD5D70F21E84BA5500A37D0F /* Release */ = {
			isa = XCBuildConfiguration;
			buildSettings = {
				ALWAYS_SEARCH_USER_PATHS = NO;
				CLANG_ANALYZER_NONNULL = YES;
				CLANG_CXX_LANGUAGE_STANDARD = "gnu++0x";
				CLANG_CXX_LIBRARY = "libc++";
				CLANG_ENABLE_MODULES = YES;
				CLANG_ENABLE_OBJC_ARC = YES;
				CLANG_WARN_BOOL_CONVERSION = YES;
				CLANG_WARN_CONSTANT_CONVERSION = YES;
				CLANG_WARN_DIRECT_OBJC_ISA_USAGE = YES_ERROR;
				CLANG_WARN_DOCUMENTATION_COMMENTS = YES;
				CLANG_WARN_EMPTY_BODY = YES;
				CLANG_WARN_ENUM_CONVERSION = YES;
				CLANG_WARN_INFINITE_RECURSION = YES;
				CLANG_WARN_INT_CONVERSION = YES;
				CLANG_WARN_OBJC_ROOT_CLASS = YES_ERROR;
				CLANG_WARN_SUSPICIOUS_MOVE = YES;
				CLANG_WARN_UNREACHABLE_CODE = YES;
				CLANG_WARN__DUPLICATE_METHOD_MATCH = YES;
				"CODE_SIGN_IDENTITY[sdk=iphoneos*]" = "iPhone Developer";
				COPY_PHASE_STRIP = NO;
				DEBUG_INFORMATION_FORMAT = "dwarf-with-dsym";
				ENABLE_NS_ASSERTIONS = NO;
				ENABLE_STRICT_OBJC_MSGSEND = YES;
				GCC_C_LANGUAGE_STANDARD = gnu99;
				GCC_NO_COMMON_BLOCKS = YES;
				GCC_WARN_64_TO_32_BIT_CONVERSION = YES;
				GCC_WARN_ABOUT_RETURN_TYPE = YES_ERROR;
				GCC_WARN_UNDECLARED_SELECTOR = YES;
				GCC_WARN_UNINITIALIZED_AUTOS = YES_AGGRESSIVE;
				GCC_WARN_UNUSED_FUNCTION = YES;
				GCC_WARN_UNUSED_VARIABLE = YES;
				IPHONEOS_DEPLOYMENT_TARGET = 10.2;
				MTL_ENABLE_DEBUG_INFO = NO;
				SDKROOT = iphoneos;
				VALIDATE_PRODUCT = YES;
			};
			name = Release;
		};
		FD5D70F41E84BA5500A37D0F /* Debug */ = {
			isa = XCBuildConfiguration;
			buildSettings = {
				OTHER_LDFLAGS = "-ObjC";
				PRODUCT_NAME = "$(TARGET_NAME)";
				SKIP_INSTALL = YES;
			};
			name = Debug;
		};
		FD5D70F51E84BA5500A37D0F /* Release */ = {
			isa = XCBuildConfiguration;
			buildSettings = {
				OTHER_LDFLAGS = "-ObjC";
				PRODUCT_NAME = "$(TARGET_NAME)";
				SKIP_INSTALL = YES;
			};
			name = Release;
		};
/* End XCBuildConfiguration section */

/* Begin XCConfigurationList section */
		FD5D70E51E84BA5500A37D0F /* Build configuration list for PBXProject "MSCategory" */ = {
			isa = XCConfigurationList;
			buildConfigurations = (
				FD5D70F11E84BA5500A37D0F /* Debug */,
				FD5D70F21E84BA5500A37D0F /* Release */,
			);
			defaultConfigurationIsVisible = 0;
			defaultConfigurationName = Release;
		};
		FD5D70F31E84BA5500A37D0F /* Build configuration list for PBXNativeTarget "MSCategory" */ = {
			isa = XCConfigurationList;
			buildConfigurations = (
				FD5D70F41E84BA5500A37D0F /* Debug */,
				FD5D70F51E84BA5500A37D0F /* Release */,
			);
			defaultConfigurationIsVisible = 0;
		};
/* End XCConfigurationList section */
	};
	rootObject = FD5D70E21E84BA5500A37D0F /* Project object */;
}
